
Microsoft Visual Studio Solution File, Format Version 11.00
# Visual Studio 2010
Project("{FAE04EC0-301F-11D3-BF4B-00C04F79EFBC}") = "Assembly-CSharp-firstpass", "Assembly-CSharp-firstpass.csproj", "{B10A372F-7AF8-C173-0296-595428884EE2}"
EndProject
Project("{FAE04EC0-301F-11D3-BF4B-00C04F79EFBC}") = "Assembly-CSharp", "Assembly-CSharp.csproj", "{30E7E334-5428-718C-260C-A7060E54A145}"
EndProject
Global
	GlobalSection(SolutionConfigurationPlatforms) = preSolution
		Debug|Any CPU = Debug|Any CPU
		Release|Any CPU = Release|Any CPU
	EndGlobalSection
	GlobalSection(ProjectConfigurationPlatforms) = postSolution
		{B10A372F-7AF8-C173-0296-595428884EE2}.Debug|Any CPU.ActiveCfg = Debug|Any CPU
		{B10A372F-7AF8-C173-0296-595428884EE2}.Debug|Any CPU.Build.0 = Debug|Any CPU
		{B10A372F-7AF8-C173-0296-595428884EE2}.Release|Any CPU.ActiveCfg = Release|Any CPU
		{B10A372F-7AF8-C173-0296-595428884EE2}.Release|Any CPU.Build.0 = Release|Any CPU
		{30E7E334-5428-718C-260C-A7060E54A145}.Debug|Any CPU.ActiveCfg = Debug|Any CPU
		{30E7E334-5428-718C-260C-A7060E54A145}.Debug|Any CPU.Build.0 = Debug|Any CPU
		{30E7E334-5428-718C-260C-A7060E54A145}.Release|Any CPU.ActiveCfg = Release|Any CPU
		{30E7E334-5428-718C-260C-A7060E54A145}.Release|Any CPU.Build.0 = Release|Any CPU
	EndGlobalSection
	GlobalSection(SolutionProperties) = preSolution
		HideSolutionNode = FALSE
	EndGlobalSection
EndGlobal
